
Microsoft Visual Studio Solution File, Format Version 12.00
# Visual Studio Version 17
VisualStudioVersion = 17.0.31903.59
MinimumVisualStudioVersion = 10.0.40219.1
Project("{FAE04EC0-301F-11D3-BF4B-00C04F79EFBC}") = "ProductCard.Domain", "ProductCard.Domain\ProductCard.Domain.csproj", "{F9981A54-3B82-4ED3-B025-30E1C6AE89C0}"
EndProject
Project("{FAE04EC0-301F-11D3-BF4B-00C04F79EFBC}") = "ProductCard.Application", "ProductCard.Application\ProductCard.Application.csproj", "{73B7CA70-7078-4A01-A8E7-7C1A0565A125}"
EndProject
Project("{FAE04EC0-301F-11D3-BF4B-00C04F79EFBC}") = "ProductCard.Infrastructure", "ProductCard.Infrastructure\ProductCard.Infrastructure.csproj", "{1F34CA8F-E3D4-4844-87C9-D028051494C9}"
EndProject
Project("{FAE04EC0-301F-11D3-BF4B-00C04F79EFBC}") = "ProductCard.API", "ProductCard.API\ProductCard.API.csproj", "{7752663A-6D46-486E-B39F-81192F318A33}"
EndProject
Global
	GlobalSection(SolutionConfigurationPlatforms) = preSolution
		Debug|Any CPU = Debug|Any CPU
		Debug|x64 = Debug|x64
		Debug|x86 = Debug|x86
		Release|Any CPU = Release|Any CPU
		Release|x64 = Release|x64
		Release|x86 = Release|x86
	EndGlobalSection
	GlobalSection(ProjectConfigurationPlatforms) = postSolution
		{F9981A54-3B82-4ED3-B025-30E1C6AE89C0}.Debug|Any CPU.ActiveCfg = Debug|Any CPU
		{F9981A54-3B82-4ED3-B025-30E1C6AE89C0}.Debug|Any CPU.Build.0 = Debug|Any CPU
		{F9981A54-3B82-4ED3-B025-30E1C6AE89C0}.Debug|x64.ActiveCfg = Debug|Any CPU
		{F9981A54-3B82-4ED3-B025-30E1C6AE89C0}.Debug|x64.Build.0 = Debug|Any CPU
		{F9981A54-3B82-4ED3-B025-30E1C6AE89C0}.Debug|x86.ActiveCfg = Debug|Any CPU
		{F9981A54-3B82-4ED3-B025-30E1C6AE89C0}.Debug|x86.Build.0 = Debug|Any CPU
		{F9981A54-3B82-4ED3-B025-30E1C6AE89C0}.Release|Any CPU.ActiveCfg = Release|Any CPU
		{F9981A54-3B82-4ED3-B025-30E1C6AE89C0}.Release|Any CPU.Build.0 = Release|Any CPU
		{F9981A54-3B82-4ED3-B025-30E1C6AE89C0}.Release|x64.ActiveCfg = Release|Any CPU
		{F9981A54-3B82-4ED3-B025-30E1C6AE89C0}.Release|x64.Build.0 = Release|Any CPU
		{F9981A54-3B82-4ED3-B025-30E1C6AE89C0}.Release|x86.ActiveCfg = Release|Any CPU
		{F9981A54-3B82-4ED3-B025-30E1C6AE89C0}.Release|x86.Build.0 = Release|Any CPU
		{73B7CA70-7078-4A01-A8E7-7C1A0565A125}.Debug|Any CPU.ActiveCfg = Debug|Any CPU
		{73B7CA70-7078-4A01-A8E7-7C1A0565A125}.Debug|Any CPU.Build.0 = Debug|Any CPU
		{73B7CA70-7078-4A01-A8E7-7C1A0565A125}.Debug|x64.ActiveCfg = Debug|Any CPU
		{73B7CA70-7078-4A01-A8E7-7C1A0565A125}.Debug|x64.Build.0 = Debug|Any CPU
		{73B7CA70-7078-4A01-A8E7-7C1A0565A125}.Debug|x86.ActiveCfg = Debug|Any CPU
		{73B7CA70-7078-4A01-A8E7-7C1A0565A125}.Debug|x86.Build.0 = Debug|Any CPU
		{73B7CA70-7078-4A01-A8E7-7C1A0565A125}.Release|Any CPU.ActiveCfg = Release|Any CPU
		{73B7CA70-7078-4A01-A8E7-7C1A0565A125}.Release|Any CPU.Build.0 = Release|Any CPU
		{73B7CA70-7078-4A01-A8E7-7C1A0565A125}.Release|x64.ActiveCfg = Release|Any CPU
		{73B7CA70-7078-4A01-A8E7-7C1A0565A125}.Release|x64.Build.0 = Release|Any CPU
		{73B7CA70-7078-4A01-A8E7-7C1A0565A125}.Release|x86.ActiveCfg = Release|Any CPU
		{73B7CA70-7078-4A01-A8E7-7C1A0565A125}.Release|x86.Build.0 = Release|Any CPU
		{1F34CA8F-E3D4-4844-87C9-D028051494C9}.Debug|Any CPU.ActiveCfg = Debug|Any CPU
		{1F34CA8F-E3D4-4844-87C9-D028051494C9}.Debug|Any CPU.Build.0 = Debug|Any CPU
		{1F34CA8F-E3D4-4844-87C9-D028051494C9}.Debug|x64.ActiveCfg = Debug|Any CPU
		{1F34CA8F-E3D4-4844-87C9-D028051494C9}.Debug|x64.Build.0 = Debug|Any CPU
		{1F34CA8F-E3D4-4844-87C9-D028051494C9}.Debug|x86.ActiveCfg = Debug|Any CPU
		{1F34CA8F-E3D4-4844-87C9-D028051494C9}.Debug|x86.Build.0 = Debug|Any CPU
		{1F34CA8F-E3D4-4844-87C9-D028051494C9}.Release|Any CPU.ActiveCfg = Release|Any CPU
		{1F34CA8F-E3D4-4844-87C9-D028051494C9}.Release|Any CPU.Build.0 = Release|Any CPU
		{1F34CA8F-E3D4-4844-87C9-D028051494C9}.Release|x64.ActiveCfg = Release|Any CPU
		{1F34CA8F-E3D4-4844-87C9-D028051494C9}.Release|x64.Build.0 = Release|Any CPU
		{1F34CA8F-E3D4-4844-87C9-D028051494C9}.Release|x86.ActiveCfg = Release|Any CPU
		{1F34CA8F-E3D4-4844-87C9-D028051494C9}.Release|x86.Build.0 = Release|Any CPU
		{7752663A-6D46-486E-B39F-81192F318A33}.Debug|Any CPU.ActiveCfg = Debug|Any CPU
		{7752663A-6D46-486E-B39F-81192F318A33}.Debug|Any CPU.Build.0 = Debug|Any CPU
		{7752663A-6D46-486E-B39F-81192F318A33}.Debug|x64.ActiveCfg = Debug|Any CPU
		{7752663A-6D46-486E-B39F-81192F318A33}.Debug|x64.Build.0 = Debug|Any CPU
		{7752663A-6D46-486E-B39F-81192F318A33}.Debug|x86.ActiveCfg = Debug|Any CPU
		{7752663A-6D46-486E-B39F-81192F318A33}.Debug|x86.Build.0 = Debug|Any CPU
		{7752663A-6D46-486E-B39F-81192F318A33}.Release|Any CPU.ActiveCfg = Release|Any CPU
		{7752663A-6D46-486E-B39F-81192F318A33}.Release|Any CPU.Build.0 = Release|Any CPU
		{7752663A-6D46-486E-B39F-81192F318A33}.Release|x64.ActiveCfg = Release|Any CPU
		{7752663A-6D46-486E-B39F-81192F318A33}.Release|x64.Build.0 = Release|Any CPU
		{7752663A-6D46-486E-B39F-81192F318A33}.Release|x86.ActiveCfg = Release|Any CPU
		{7752663A-6D46-486E-B39F-81192F318A33}.Release|x86.Build.0 = Release|Any CPU
	EndGlobalSection
	GlobalSection(SolutionProperties) = preSolution
		HideSolutionNode = FALSE
	EndGlobalSection
EndGlobal
